
Microsoft Visual Studio Solution File, Format Version 12.00
# Visual Studio Version 17
VisualStudioVersion = 17.7.34031.279
MinimumVisualStudioVersion = 10.0.40219.1
Project("{FAE04EC0-301F-11D3-BF4B-00C04F79EFBC}") = "AlexCaicedoRamos_EjercicioCF2", "AlexCaicedoRamos_EjercicioCF2.csproj", "{89FC1910-2460-4DAB-858F-F6C25D4FE064}"
EndProject
Global
	GlobalSection(SolutionConfigurationPlatforms) = preSolution
		Debug|Any CPU = Debug|Any CPU
		Release|Any CPU = Release|Any CPU
	EndGlobalSection
	GlobalSection(ProjectConfigurationPlatforms) = postSolution
		{89FC1910-2460-4DAB-858F-F6C25D4FE064}.Debug|Any CPU.ActiveCfg = Debug|Any CPU
		{89FC1910-2460-4DAB-858F-F6C25D4FE064}.Debug|Any CPU.Build.0 = Debug|Any CPU
		{89FC1910-2460-4DAB-858F-F6C25D4FE064}.Release|Any CPU.ActiveCfg = Release|Any CPU
		{89FC1910-2460-4DAB-858F-F6C25D4FE064}.Release|Any CPU.Build.0 = Release|Any CPU
	EndGlobalSection
	GlobalSection(SolutionProperties) = preSolution
		HideSolutionNode = FALSE
	EndGlobalSection
	GlobalSection(ExtensibilityGlobals) = postSolution
		SolutionGuid = {0F448BD8-0612-41F6-8052-C6D61D4247AF}
	EndGlobalSection
EndGlobal
